
Microsoft Visual Studio Solution File, Format Version 12.00
# Visual Studio Version 17
VisualStudioVersion = 17.9.34622.214
MinimumVisualStudioVersion = 10.0.40219.1
Project("{9A19103F-16F7-4668-BE54-9A1E7A4F7556}") = "MikeCSSLib", "MikeCSSLib.csproj", "{5EB3F9C8-3782-429A-87F9-347A392CBA90}"
EndProject
Global
	GlobalSection(SolutionConfigurationPlatforms) = preSolution
		Debug|Any CPU = Debug|Any CPU
		Release|Any CPU = Release|Any CPU
	EndGlobalSection
	GlobalSection(ProjectConfigurationPlatforms) = postSolution
		{5EB3F9C8-3782-429A-87F9-347A392CBA90}.Debug|Any CPU.ActiveCfg = Debug|Any CPU
		{5EB3F9C8-3782-429A-87F9-347A392CBA90}.Debug|Any CPU.Build.0 = Debug|Any CPU
		{5EB3F9C8-3782-429A-87F9-347A392CBA90}.Release|Any CPU.ActiveCfg = Release|Any CPU
		{5EB3F9C8-3782-429A-87F9-347A392CBA90}.Release|Any CPU.Build.0 = Release|Any CPU
	EndGlobalSection
	GlobalSection(SolutionProperties) = preSolution
		HideSolutionNode = FALSE
	EndGlobalSection
	GlobalSection(ExtensibilityGlobals) = postSolution
		SolutionGuid = {5584AC03-E6F4-4614-8EDF-217860AD4676}
	EndGlobalSection
EndGlobal
